
Microsoft Visual Studio Solution File, Format Version 12.00
# Visual Studio Version 16
VisualStudioVersion = 16.0.33214.272
MinimumVisualStudioVersion = 10.0.40219.1
Project("{8BC9CEB8-8B4A-11D0-8D11-00A0C91BC942}") = "TestWorkTask1and2", "TestWorkTask1and2\TestWorkTask1and2.vcxproj", "{F9E519D6-190E-4B0F-A7B0-DCB9AEDF448F}"
EndProject
Global
	GlobalSection(SolutionConfigurationPlatforms) = preSolution
		Debug|x64 = Debug|x64
		Debug|x86 = Debug|x86
		Release|x64 = Release|x64
		Release|x86 = Release|x86
	EndGlobalSection
	GlobalSection(ProjectConfigurationPlatforms) = postSolution
		{F9E519D6-190E-4B0F-A7B0-DCB9AEDF448F}.Debug|x64.ActiveCfg = Debug|x64
		{F9E519D6-190E-4B0F-A7B0-DCB9AEDF448F}.Debug|x64.Build.0 = Debug|x64
		{F9E519D6-190E-4B0F-A7B0-DCB9AEDF448F}.Debug|x86.ActiveCfg = Debug|Win32
		{F9E519D6-190E-4B0F-A7B0-DCB9AEDF448F}.Debug|x86.Build.0 = Debug|Win32
		{F9E519D6-190E-4B0F-A7B0-DCB9AEDF448F}.Release|x64.ActiveCfg = Release|x64
		{F9E519D6-190E-4B0F-A7B0-DCB9AEDF448F}.Release|x64.Build.0 = Release|x64
		{F9E519D6-190E-4B0F-A7B0-DCB9AEDF448F}.Release|x86.ActiveCfg = Release|Win32
		{F9E519D6-190E-4B0F-A7B0-DCB9AEDF448F}.Release|x86.Build.0 = Release|Win32
	EndGlobalSection
	GlobalSection(SolutionProperties) = preSolution
		HideSolutionNode = FALSE
	EndGlobalSection
	GlobalSection(ExtensibilityGlobals) = postSolution
		SolutionGuid = {818B61D9-5114-47A8-9CC4-46E143D5E7F1}
	EndGlobalSection
EndGlobal
